<?xml version="1.0" encoding="utf-8"?>
<Project ToolsVersion="14.0" xmlns="http://schemas.microsoft.com/developer/msbuild/2003">
  <ItemGroup>
    <ClCompile Include="D:\OpenGL\BeginnerToMaster-OpengGL-BasicKnowledge\src\2.lighting\3.1.materials\materials.cpp">
      <Filter>Source Files</Filter>
    </ClCompile>
    <ClCompile Include="..\src\2.lighting\3.1.materials\hummer_materials.cpp">
      <Filter>Learning</Filter>
    </ClCompile>
  </ItemGroup>
  <ItemGroup>
    <CustomBuild Include="D:\OpenGL\BeginnerToMaster-OpengGL-BasicKnowledge\CMakeLists.txt" />
  </ItemGroup>
  <ItemGroup>
    <None Include="D:\OpenGL\BeginnerToMaster-OpengGL-BasicKnowledge\src\2.lighting\3.1.materials\3.1.light_cube.vs" />
    <None Include="D:\OpenGL\BeginnerToMaster-OpengGL-BasicKnowledge\src\2.lighting\3.1.materials\3.1.materials.vs" />
    <None Include="D:\OpenGL\BeginnerToMaster-OpengGL-BasicKnowledge\src\2.lighting\3.1.materials\3.1.light_cube.fs" />
    <None Include="D:\OpenGL\BeginnerToMaster-OpengGL-BasicKnowledge\src\2.lighting\3.1.materials\3.1.materials.fs" />
    <None Include="..\src\2.lighting\3.1.materials\3_1_hummer_materials.fs">
      <Filter>Learning</Filter>
    </None>
    <None Include="..\src\2.lighting\3.1.materials\3_1_hummer_materials.vs">
      <Filter>Learning</Filter>
    </None>
  </ItemGroup>
  <ItemGroup>
    <Filter Include="Source Files">
      <UniqueIdentifier>{5EEF40A8-DA46-3C6C-A8A7-734069BE2AE3}</UniqueIdentifier>
    </Filter>
    <Filter Include="Learning">
      <UniqueIdentifier>{2e652678-8a56-48e9-b1e9-6d96553323fb}</UniqueIdentifier>
    </Filter>
  </ItemGroup>
</Project>