<?xml version="1.0" encoding="utf-8"?>
<Project ToolsVersion="14.0" xmlns="http://schemas.microsoft.com/developer/msbuild/2003">
  <ItemGroup>
    <ClCompile Include="D:\OpenGL\BeginnerToMaster-OpengGL-BasicKnowledge\src\2.lighting\5.1.light_casters_directional\light_casters_directional.cpp">
      <Filter>Source Files</Filter>
    </ClCompile>
    <ClCompile Include="..\src\2.lighting\5.1.light_casters_directional\hummer_light_casters_directional.cpp">
      <Filter>Learning</Filter>
    </ClCompile>
    <ClCompile Include="..\src\2.lighting\5.1.light_casters_directional\5_1_hummer_directionalLight_projecction_shadow.cpp">
      <Filter>ProjectionShadow</Filter>
    </ClCompile>
  </ItemGroup>
  <ItemGroup>
    <CustomBuild Include="D:\OpenGL\BeginnerToMaster-OpengGL-BasicKnowledge\CMakeLists.txt" />
  </ItemGroup>
  <ItemGroup>
    <None Include="D:\OpenGL\BeginnerToMaster-OpengGL-BasicKnowledge\src\2.lighting\5.1.light_casters_directional\5.1.light_casters.vs" />
    <None Include="D:\OpenGL\BeginnerToMaster-OpengGL-BasicKnowledge\src\2.lighting\5.1.light_casters_directional\5.1.light_cube.vs" />
    <None Include="D:\OpenGL\BeginnerToMaster-OpengGL-BasicKnowledge\src\2.lighting\5.1.light_casters_directional\5.1.light_casters.fs" />
    <None Include="D:\OpenGL\BeginnerToMaster-OpengGL-BasicKnowledge\src\2.lighting\5.1.light_casters_directional\5.1.light_cube.fs" />
    <None Include="..\src\2.lighting\5.1.light_casters_directional\hummer_light_casters_directional.fs">
      <Filter>Learning</Filter>
    </None>
    <None Include="..\src\2.lighting\5.1.light_casters_directional\hummer_light_casters_directional.vs">
      <Filter>Learning</Filter>
    </None>
    <None Include="..\src\2.lighting\5.1.light_casters_directional\5_1_hummer_directionalLight_projecction_shadow.fs">
      <Filter>ProjectionShadow</Filter>
    </None>
    <None Include="..\src\2.lighting\5.1.light_casters_directional\5_1_hummer_directionalLight_projecction_shadow.vs">
      <Filter>ProjectionShadow</Filter>
    </None>
  </ItemGroup>
  <ItemGroup>
    <Filter Include="Source Files">
      <UniqueIdentifier>{5EEF40A8-DA46-3C6C-A8A7-734069BE2AE3}</UniqueIdentifier>
    </Filter>
    <Filter Include="Learning">
      <UniqueIdentifier>{ee7f7413-aa91-416f-bb04-de54a8dc6937}</UniqueIdentifier>
    </Filter>
    <Filter Include="ProjectionShadow">
      <UniqueIdentifier>{f4798d66-ce79-48d5-9c0b-a6374ac0d8c0}</UniqueIdentifier>
    </Filter>
  </ItemGroup>
</Project>