<?xml version="1.0" encoding="utf-8"?>
<Project ToolsVersion="14.0" xmlns="http://schemas.microsoft.com/developer/msbuild/2003">
  <ItemGroup>
    <ClCompile Include="D:\OpenGL\BeginnerToMaster-OpengGL-BasicKnowledge\src\4.advanced_opengl\2.stencil_testing\stencil_testing.cpp">
      <Filter>Source Files</Filter>
    </ClCompile>
    <ClCompile Include="..\src\4.advanced_opengl\2.stencil_testing\hummer_stencil_testing.cpp">
      <Filter>Learning</Filter>
    </ClCompile>
  </ItemGroup>
  <ItemGroup>
    <CustomBuild Include="D:\OpenGL\BeginnerToMaster-OpengGL-BasicKnowledge\CMakeLists.txt" />
  </ItemGroup>
  <ItemGroup>
    <None Include="D:\OpenGL\BeginnerToMaster-OpengGL-BasicKnowledge\src\4.advanced_opengl\2.stencil_testing\2.stencil_testing.vs" />
    <None Include="D:\OpenGL\BeginnerToMaster-OpengGL-BasicKnowledge\src\4.advanced_opengl\2.stencil_testing\2.stencil_single_color.fs" />
    <None Include="D:\OpenGL\BeginnerToMaster-OpengGL-BasicKnowledge\src\4.advanced_opengl\2.stencil_testing\2.stencil_testing.fs" />
  </ItemGroup>
  <ItemGroup>
    <Filter Include="Source Files">
      <UniqueIdentifier>{5EEF40A8-DA46-3C6C-A8A7-734069BE2AE3}</UniqueIdentifier>
    </Filter>
    <Filter Include="Learning">
      <UniqueIdentifier>{392cff85-adaa-48e8-80ea-cf9434f8db98}</UniqueIdentifier>
    </Filter>
  </ItemGroup>
</Project>