<?xml version="1.0" encoding="utf-8"?>
<Project ToolsVersion="14.0" xmlns="http://schemas.microsoft.com/developer/msbuild/2003">
  <ItemGroup>
    <ClCompile Include="D:\OpenGL\BeginnerToMaster-OpengGL-BasicKnowledge\src\5.advanced_lighting\3.1.1.shadow_mapping_depth\shadow_mapping_depth.cpp">
      <Filter>Source Files</Filter>
    </ClCompile>
    <ClCompile Include="..\src\5.advanced_lighting\3.1.1.shadow_mapping_depth\hummer_shadow_mapping_depth.cpp" />
  </ItemGroup>
  <ItemGroup>
    <CustomBuild Include="D:\OpenGL\BeginnerToMaster-OpengGL-BasicKnowledge\CMakeLists.txt" />
  </ItemGroup>
  <ItemGroup>
    <None Include="D:\OpenGL\BeginnerToMaster-OpengGL-BasicKnowledge\src\5.advanced_lighting\3.1.1.shadow_mapping_depth\3.1.1.debug_quad.vs" />
    <None Include="D:\OpenGL\BeginnerToMaster-OpengGL-BasicKnowledge\src\5.advanced_lighting\3.1.1.shadow_mapping_depth\3.1.1.shadow_mapping_depth.vs" />
    <None Include="D:\OpenGL\BeginnerToMaster-OpengGL-BasicKnowledge\src\5.advanced_lighting\3.1.1.shadow_mapping_depth\3.1.1.debug_quad_depth.fs" />
    <None Include="D:\OpenGL\BeginnerToMaster-OpengGL-BasicKnowledge\src\5.advanced_lighting\3.1.1.shadow_mapping_depth\3.1.1.shadow_mapping_depth.fs" />
  </ItemGroup>
  <ItemGroup>
    <Filter Include="Source Files">
      <UniqueIdentifier>{5EEF40A8-DA46-3C6C-A8A7-734069BE2AE3}</UniqueIdentifier>
    </Filter>
  </ItemGroup>
</Project>